
Microsoft Visual Studio Solution File, Format Version 12.00
# Visual Studio Version 17
VisualStudioVersion = 17.14.36511.14 d17.14
MinimumVisualStudioVersion = 10.0.40219.1
Project("{FAE04EC0-301F-11D3-BF4B-00C04F79EFBC}") = "Project_PV", "Project_PV\Project_PV.csproj", "{00B2CB12-7631-4108-9C18-EB022A0A2FB8}"
EndProject
Global
	GlobalSection(SolutionConfigurationPlatforms) = preSolution
		Debug|Any CPU = Debug|Any CPU
		Release|Any CPU = Release|Any CPU
	EndGlobalSection
	GlobalSection(ProjectConfigurationPlatforms) = postSolution
		{00B2CB12-7631-4108-9C18-EB022A0A2FB8}.Debug|Any CPU.ActiveCfg = Debug|Any CPU
		{00B2CB12-7631-4108-9C18-EB022A0A2FB8}.Debug|Any CPU.Build.0 = Debug|Any CPU
		{00B2CB12-7631-4108-9C18-EB022A0A2FB8}.Release|Any CPU.ActiveCfg = Release|Any CPU
		{00B2CB12-7631-4108-9C18-EB022A0A2FB8}.Release|Any CPU.Build.0 = Release|Any CPU
	EndGlobalSection
	GlobalSection(SolutionProperties) = preSolution
		HideSolutionNode = FALSE
	EndGlobalSection
	GlobalSection(ExtensibilityGlobals) = postSolution
		SolutionGuid = {2A661383-A1F4-46AB-95E4-71E9198C51C7}
	EndGlobalSection
EndGlobal
